PODS:
  - MSAL (1.1.13):
    - MSAL/app-lib (= 1.1.13)
  - MSAL/app-lib (1.1.13)
  - MSGraphClientModels (1.3.0)
  - MSGraphClientSDK (1.0.0):
    - MSGraphClientSDK/Authentication (= 1.0.0)
    - MSGraphClientSDK/Common (= 1.0.0)
  - MSGraphClientSDK/Authentication (1.0.0)
  - MSGraphClientSDK/Common (1.0.0):
    - MSGraphClientSDK/Authentication

DEPENDENCIES:
  - MSAL
  - MSGraphClientModels
  - MSGraphClientSDK

SPEC REPOS:
  trunk:
    - MSAL
    - MSGraphClientModels
    - MSGraphClientSDK

SPEC CHECKSUMS:
  MSAL: 291d1cfc8d095a6bfe669e4beda2c5be6774a4ff
  MSGraphClientModels: ffef6d0a1cdaa774e1689e38da35301cb74fc72a
  MSGraphClientSDK: ffc07a58a838e0702c7bf2a856367035d4a335d7

PODFILE CHECKSUM: e00a5190595fca630f2ce32c1739a498b46167d8

COCOAPODS: 1.10.0
